
Microsoft Visual Studio Solution File, Format Version 12.00
# Visual Studio Version 17
VisualStudioVersion = 17.1.32421.90
MinimumVisualStudioVersion = 10.0.40219.1
Project("{FAE04EC0-301F-11D3-BF4B-00C04F79EFBC}") = "OOP.ConsoleExample", "OOP.ConsoleExample\OOP.ConsoleExample.csproj", "{F9EC3AF1-F97A-4465-9EB9-2AD0AF5B7131}"
EndProject
Project("{FAE04EC0-301F-11D3-BF4B-00C04F79EFBC}") = "AudioManager", "AudioManager\AudioManager.csproj", "{CE644ACD-DB54-49EE-93EA-2244461878D4}"
EndProject
Global
	GlobalSection(SolutionConfigurationPlatforms) = preSolution
		Debug|Any CPU = Debug|Any CPU
		Release|Any CPU = Release|Any CPU
	EndGlobalSection
	GlobalSection(ProjectConfigurationPlatforms) = postSolution
		{F9EC3AF1-F97A-4465-9EB9-2AD0AF5B7131}.Debug|Any CPU.ActiveCfg = Debug|Any CPU
		{F9EC3AF1-F97A-4465-9EB9-2AD0AF5B7131}.Debug|Any CPU.Build.0 = Debug|Any CPU
		{F9EC3AF1-F97A-4465-9EB9-2AD0AF5B7131}.Release|Any CPU.ActiveCfg = Release|Any CPU
		{F9EC3AF1-F97A-4465-9EB9-2AD0AF5B7131}.Release|Any CPU.Build.0 = Release|Any CPU
		{CE644ACD-DB54-49EE-93EA-2244461878D4}.Debug|Any CPU.ActiveCfg = Debug|Any CPU
		{CE644ACD-DB54-49EE-93EA-2244461878D4}.Debug|Any CPU.Build.0 = Debug|Any CPU
		{CE644ACD-DB54-49EE-93EA-2244461878D4}.Release|Any CPU.ActiveCfg = Release|Any CPU
		{CE644ACD-DB54-49EE-93EA-2244461878D4}.Release|Any CPU.Build.0 = Release|Any CPU
	EndGlobalSection
	GlobalSection(SolutionProperties) = preSolution
		HideSolutionNode = FALSE
	EndGlobalSection
	GlobalSection(ExtensibilityGlobals) = postSolution
		SolutionGuid = {DECD8CB5-9841-49DD-831B-CE59C8E801C3}
	EndGlobalSection
EndGlobal
